
Microsoft Visual Studio Solution File, Format Version 12.00
# Visual Studio 15
VisualStudioVersion = 15.0.28307.438
MinimumVisualStudioVersion = 10.0.40219.1
Project("{FAE04EC0-301F-11D3-BF4B-00C04F79EFBC}") = "HelloWorldConsole", "HelloWorldConsole\HelloWorldConsole.csproj", "{83B1B5D5-EBA0-4C61-B643-C91D1DB3BEC7}"
EndProject
Project("{FAE04EC0-301F-11D3-BF4B-00C04F79EFBC}") = "HelloWorldApi", "HelloWorldApi\HelloWorldApi.csproj", "{837D505A-3455-428F-A1BD-C18852ECF262}"
EndProject
Project("{FAE04EC0-301F-11D3-BF4B-00C04F79EFBC}") = "HelloWorldApi.Tests", "HelloWorldApi.Tests\HelloWorldApi.Tests.csproj", "{9A3E58E9-6FFF-4731-8F15-13D5B560306F}"
EndProject
Global
	GlobalSection(SolutionConfigurationPlatforms) = preSolution
		Debug|Any CPU = Debug|Any CPU
		Release|Any CPU = Release|Any CPU
	EndGlobalSection
	GlobalSection(ProjectConfigurationPlatforms) = postSolution
		{83B1B5D5-EBA0-4C61-B643-C91D1DB3BEC7}.Debug|Any CPU.ActiveCfg = Debug|Any CPU
		{83B1B5D5-EBA0-4C61-B643-C91D1DB3BEC7}.Debug|Any CPU.Build.0 = Debug|Any CPU
		{83B1B5D5-EBA0-4C61-B643-C91D1DB3BEC7}.Release|Any CPU.ActiveCfg = Release|Any CPU
		{83B1B5D5-EBA0-4C61-B643-C91D1DB3BEC7}.Release|Any CPU.Build.0 = Release|Any CPU
		{837D505A-3455-428F-A1BD-C18852ECF262}.Debug|Any CPU.ActiveCfg = Debug|Any CPU
		{837D505A-3455-428F-A1BD-C18852ECF262}.Debug|Any CPU.Build.0 = Debug|Any CPU
		{837D505A-3455-428F-A1BD-C18852ECF262}.Release|Any CPU.ActiveCfg = Release|Any CPU
		{837D505A-3455-428F-A1BD-C18852ECF262}.Release|Any CPU.Build.0 = Release|Any CPU
		{9A3E58E9-6FFF-4731-8F15-13D5B560306F}.Debug|Any CPU.ActiveCfg = Debug|Any CPU
		{9A3E58E9-6FFF-4731-8F15-13D5B560306F}.Debug|Any CPU.Build.0 = Debug|Any CPU
		{9A3E58E9-6FFF-4731-8F15-13D5B560306F}.Release|Any CPU.ActiveCfg = Release|Any CPU
		{9A3E58E9-6FFF-4731-8F15-13D5B560306F}.Release|Any CPU.Build.0 = Release|Any CPU
	EndGlobalSection
	GlobalSection(SolutionProperties) = preSolution
		HideSolutionNode = FALSE
	EndGlobalSection
	GlobalSection(ExtensibilityGlobals) = postSolution
		SolutionGuid = {4931FC9E-219F-48EE-93D4-AA308A865D16}
	EndGlobalSection
EndGlobal
